// !$*UTF8*$!
{
	archiveVersion = 1;
	classes = {
	};
	objectVersion = 46;
	objects = {

/* Begin PBXBuildFile section */
		1B0846BA1995E7FD0055CDCE /* MapKit.framework in Frameworks */ = {isa = PBXBuildFile; fileRef = 1B0846B91995E7FD0055CDCE /* MapKit.framework */; };
		1B0846C31995EB650055CDCE /* SPTListTabIcon.png in Resources */ = {isa = PBXBuildFile; fileRef = 1B0846BD1995EB650055CDCE /* SPTListTabIcon.png */; };
		1B0846C41995EB650055CDCE /* SPTListTabIcon@2x.png in Resources */ = {isa = PBXBuildFile; fileRef = 1B0846BE1995EB650055CDCE /* SPTListTabIcon@2x.png */; };
		1B0846C51995EB650055CDCE /* SPTMapTabIcon.png in Resources */ = {isa = PBXBuildFile; fileRef = 1B0846BF1995EB650055CDCE /* SPTMapTabIcon.png */; };
		1B0846C61995EB650055CDCE /* SPTMapTabIcon@2x.png in Resources */ = {isa = PBXBuildFile; fileRef = 1B0846C01995EB650055CDCE /* SPTMapTabIcon@2x.png */; };
		1B0846C71995EB650055CDCE /* SPTProfileTabIcon.png in Resources */ = {isa = PBXBuildFile; fileRef = 1B0846C11995EB650055CDCE /* SPTProfileTabIcon.png */; };
		1B0846C81995EB650055CDCE /* SPTProfileTabIcon@2x.png in Resources */ = {isa = PBXBuildFile; fileRef = 1B0846C21995EB650055CDCE /* SPTProfileTabIcon@2x.png */; };
		1B0846CB1995EDD20055CDCE /* SPTMacros.m in Sources */ = {isa = PBXBuildFile; fileRef = 1B0846CA1995EDD20055CDCE /* SPTMacros.m */; };
		1B0846DC1995FE270055CDCE /* SPTWorkoutCellTableViewCell.m in Sources */ = {isa = PBXBuildFile; fileRef = 1B0846DA1995FE270055CDCE /* SPTWorkoutCellTableViewCell.m */; };
		1B0846DD1995FE270055CDCE /* SPTWorkoutCellTableViewCell.xib in Resources */ = {isa = PBXBuildFile; fileRef = 1B0846DB1995FE270055CDCE /* SPTWorkoutCellTableViewCell.xib */; };
		1B0846E0199605740055CDCE /* SPTWorkout.m in Sources */ = {isa = PBXBuildFile; fileRef = 1B0846DF199605740055CDCE /* SPTWorkout.m */; };
		1B0846E3199624FF0055CDCE /* SPTWorkoutAnnotation.m in Sources */ = {isa = PBXBuildFile; fileRef = 1B0846E2199624FF0055CDCE /* SPTWorkoutAnnotation.m */; };
		1B327D231995B5E10089E5BA /* Foundation.framework in Frameworks */ = {isa = PBXBuildFile; fileRef = 1B327D221995B5E10089E5BA /* Foundation.framework */; };
		1B327D251995B5E10089E5BA /* CoreGraphics.framework in Frameworks */ = {isa = PBXBuildFile; fileRef = 1B327D241995B5E10089E5BA /* CoreGraphics.framework */; };
		1B327D271995B5E10089E5BA /* UIKit.framework in Frameworks */ = {isa = PBXBuildFile; fileRef = 1B327D261995B5E10089E5BA /* UIKit.framework */; };
		1B327D2D1995B5E10089E5BA /* InfoPlist.strings in Resources */ = {isa = PBXBuildFile; fileRef = 1B327D2B1995B5E10089E5BA /* InfoPlist.strings */; };
		1B327D2F1995B5E10089E5BA /* main.m in Sources */ = {isa = PBXBuildFile; fileRef = 1B327D2E1995B5E10089E5BA /* main.m */; };
		1B327D331995B5E10089E5BA /* SPTAppDelegate.m in Sources */ = {isa = PBXBuildFile; fileRef = 1B327D321995B5E10089E5BA /* SPTAppDelegate.m */; };
		1B327D351995B5E10089E5BA /* Images.xcassets in Resources */ = {isa = PBXBuildFile; fileRef = 1B327D341995B5E10089E5BA /* Images.xcassets */; };
		1B327D3C1995B5E20089E5BA /* XCTest.framework in Frameworks */ = {isa = PBXBuildFile; fileRef = 1B327D3B1995B5E20089E5BA /* XCTest.framework */; };
		1B327D3D1995B5E20089E5BA /* Foundation.framework in Frameworks */ = {isa = PBXBuildFile; fileRef = 1B327D221995B5E10089E5BA /* Foundation.framework */; };
		1B327D3E1995B5E20089E5BA /* UIKit.framework in Frameworks */ = {isa = PBXBuildFile; fileRef = 1B327D261995B5E10089E5BA /* UIKit.framework */; };
		1B327D461995B5E20089E5BA /* InfoPlist.strings in Resources */ = {isa = PBXBuildFile; fileRef = 1B327D441995B5E20089E5BA /* InfoPlist.strings */; };
		1B327D481995B5E20089E5BA /* SpottrTests.m in Sources */ = {isa = PBXBuildFile; fileRef = 1B327D471995B5E20089E5BA /* SpottrTests.m */; };
		1B327D641995BDC10089E5BA /* SPTLoginViewController.m in Sources */ = {isa = PBXBuildFile; fileRef = 1B327D621995BDC10089E5BA /* SPTLoginViewController.m */; };
		1B327D651995BDC10089E5BA /* SPTLoginViewController.xib in Resources */ = {isa = PBXBuildFile; fileRef = 1B327D631995BDC10089E5BA /* SPTLoginViewController.xib */; };
		1B327D6E1995BDFF0089E5BA /* SPTMapViewController.m in Sources */ = {isa = PBXBuildFile; fileRef = 1B327D6C1995BDFF0089E5BA /* SPTMapViewController.m */; };
		1B327D6F1995BDFF0089E5BA /* SPTMapViewController.xib in Resources */ = {isa = PBXBuildFile; fileRef = 1B327D6D1995BDFF0089E5BA /* SPTMapViewController.xib */; };
		1B327D731995BE0A0089E5BA /* SPTProfileViewController.m in Sources */ = {isa = PBXBuildFile; fileRef = 1B327D711995BE0A0089E5BA /* SPTProfileViewController.m */; };
		1B327D741995BE0A0089E5BA /* SPTProfileViewController.xib in Resources */ = {isa = PBXBuildFile; fileRef = 1B327D721995BE0A0089E5BA /* SPTProfileViewController.xib */; };
		1B327D7B1995BE980089E5BA /* SPTMainTabBarController.m in Sources */ = {isa = PBXBuildFile; fileRef = 1B327D7A1995BE980089E5BA /* SPTMainTabBarController.m */; };
		1B327D801995BED60089E5BA /* SPTWorkoutListTableViewController.m in Sources */ = {isa = PBXBuildFile; fileRef = 1B327D7E1995BED60089E5BA /* SPTWorkoutListTableViewController.m */; };
		1B327D811995BED60089E5BA /* SPTWorkoutListTableViewController.xib in Resources */ = {isa = PBXBuildFile; fileRef = 1B327D7F1995BED60089E5BA /* SPTWorkoutListTableViewController.xib */; };
		1B327D8C1995C1190089E5BA /* SPTWorkoutDetailsViewController.m in Sources */ = {isa = PBXBuildFile; fileRef = 1B327D8A1995C1190089E5BA /* SPTWorkoutDetailsViewController.m */; };
		1B327D8D1995C1190089E5BA /* SPTWorkoutDetailsViewController.xib in Resources */ = {isa = PBXBuildFile; fileRef = 1B327D8B1995C1190089E5BA /* SPTWorkoutDetailsViewController.xib */; };
		1B39051E1995F4860084CE57 /* SPTSignUpViewController.m in Sources */ = {isa = PBXBuildFile; fileRef = 1B39051C1995F4860084CE57 /* SPTSignUpViewController.m */; };
		1B39051F1995F4860084CE57 /* SPTSignUpViewController.xib in Resources */ = {isa = PBXBuildFile; fileRef = 1B39051D1995F4860084CE57 /* SPTSignUpViewController.xib */; };
		1B390523199685990084CE57 /* SPTCreateWorkoutTableViewController.m in Sources */ = {isa = PBXBuildFile; fileRef = 1B390521199685980084CE57 /* SPTCreateWorkoutTableViewController.m */; };
		1B390524199685990084CE57 /* SPTCreateWorkoutTableViewController.xib in Resources */ = {isa = PBXBuildFile; fileRef = 1B390522199685990084CE57 /* SPTCreateWorkoutTableViewController.xib */; };
		1B39052D199686130084CE57 /* SPTTextFieldTableViewCell.m in Sources */ = {isa = PBXBuildFile; fileRef = 1B39052B199686130084CE57 /* SPTTextFieldTableViewCell.m */; };
		1B39052E199686130084CE57 /* SPTTextFieldTableViewCell.xib in Resources */ = {isa = PBXBuildFile; fileRef = 1B39052C199686130084CE57 /* SPTTextFieldTableViewCell.xib */; };
		1B390532199686650084CE57 /* SPTLabelAndTextViewTableViewCell.m in Sources */ = {isa = PBXBuildFile; fileRef = 1B390530199686650084CE57 /* SPTLabelAndTextViewTableViewCell.m */; };
		1B390533199686650084CE57 /* SPTLabelAndTextViewTableViewCell.xib in Resources */ = {isa = PBXBuildFile; fileRef = 1B390531199686650084CE57 /* SPTLabelAndTextViewTableViewCell.xib */; };
		1B390537199687240084CE57 /* SPTLabelAndTextFieldTableViewCell.m in Sources */ = {isa = PBXBuildFile; fileRef = 1B390535199687240084CE57 /* SPTLabelAndTextFieldTableViewCell.m */; };
		1B390538199687240084CE57 /* SPTLabelAndTextFieldTableViewCell.xib in Resources */ = {isa = PBXBuildFile; fileRef = 1B390536199687240084CE57 /* SPTLabelAndTextFieldTableViewCell.xib */; };
		1B39053C19968D6B0084CE57 /* SPTDatePickerTableViewCell.m in Sources */ = {isa = PBXBuildFile; fileRef = 1B39053A19968D6B0084CE57 /* SPTDatePickerTableViewCell.m */; };
		1B39053D19968D6B0084CE57 /* SPTDatePickerTableViewCell.xib in Resources */ = {isa = PBXBuildFile; fileRef = 1B39053B19968D6B0084CE57 /* SPTDatePickerTableViewCell.xib */; };
		1B39053F199692270084CE57 /* CoreLocation.framework in Frameworks */ = {isa = PBXBuildFile; fileRef = 1B39053E199692270084CE57 /* CoreLocation.framework */; };
		2F227552199609D3004CFF9A /* SPTMapAnnotationIcon.png in Resources */ = {isa = PBXBuildFile; fileRef = 2F227551199609D3004CFF9A /* SPTMapAnnotationIcon.png */; };
		2F22755419960A5D004CFF9A /* SPTMapAnnotationIcon@2x.png in Resources */ = {isa = PBXBuildFile; fileRef = 2F22755319960A5D004CFF9A /* SPTMapAnnotationIcon@2x.png */; };
		2F22755719960D5C004CFF9A /* SPTAddPhotoPlaceholder.png in Resources */ = {isa = PBXBuildFile; fileRef = 2F22755519960D5C004CFF9A /* SPTAddPhotoPlaceholder.png */; };
		2F22755819960D5C004CFF9A /* SPTAddPhotoPlaceholder@2x.png in Resources */ = {isa = PBXBuildFile; fileRef = 2F22755619960D5C004CFF9A /* SPTAddPhotoPlaceholder@2x.png */; };
		2F22755D19961235004CFF9A /* SPTLogo.png in Resources */ = {isa = PBXBuildFile; fileRef = 2F22755919961235004CFF9A /* SPTLogo.png */; };
		2F22755E19961235004CFF9A /* SPTLogo@2x.png in Resources */ = {isa = PBXBuildFile; fileRef = 2F22755A19961235004CFF9A /* SPTLogo@2x.png */; };
		2F22755F19961235004CFF9A /* SPTTitle.png in Resources */ = {isa = PBXBuildFile; fileRef = 2F22755B19961235004CFF9A /* SPTTitle.png */; };
		2F22756019961235004CFF9A /* SPTTitle@2x.png in Resources */ = {isa = PBXBuildFile; fileRef = 2F22755C19961235004CFF9A /* SPTTitle@2x.png */; };
		2F227565199615E3004CFF9A /* SPTCreateWorkoutController.m in Sources */ = {isa = PBXBuildFile; fileRef = 2F227563199615E3004CFF9A /* SPTCreateWorkoutController.m */; };
		2F227566199615E3004CFF9A /* SPTCreateWorkoutController.xib in Resources */ = {isa = PBXBuildFile; fileRef = 2F227564199615E3004CFF9A /* SPTCreateWorkoutController.xib */; };
		2F6B89781996730F00824552 /* SPTFacebookButton.png in Resources */ = {isa = PBXBuildFile; fileRef = 2F6B89771996730F00824552 /* SPTFacebookButton.png */; };
		2F6B897A19969AE800824552 /* SPTHardcodedImageLol.png in Resources */ = {isa = PBXBuildFile; fileRef = 2F6B897919969AE800824552 /* SPTHardcodedImageLol.png */; };
		C0B430FAE3B14898B4B189CB /* libPods-Spottr.a in Frameworks */ = {isa = PBXBuildFile; fileRef = F69D72784472414EA1FCFC33 /* libPods-Spottr.a */; };
/* End PBXBuildFile section */

/* Begin PBXContainerItemProxy section */
		1B327D3F1995B5E20089E5BA /* PBXContainerItemProxy */ = {
			isa = PBXContainerItemProxy;
			containerPortal = 1B327D171995B5E10089E5BA /* Project object */;
			proxyType = 1;
			remoteGlobalIDString = 1B327D1E1995B5E10089E5BA;
			remoteInfo = Spottr;
		};
/* End PBXContainerItemProxy section */

/* Begin PBXFileReference section */
		1B0846B91995E7FD0055CDCE /* MapKit.framework */ = {isa = PBXFileReference; lastKnownFileType = wrapper.framework; name = MapKit.framework; path = System/Library/Frameworks/MapKit.framework; sourceTree = SDKROOT; };
		1B0846BD1995EB650055CDCE /* SPTListTabIcon.png */ = {isa = PBXFileReference; lastKnownFileType = image.png; path = SPTListTabIcon.png; sourceTree = "<group>"; };
		1B0846BE1995EB650055CDCE /* SPTListTabIcon@2x.png */ = {isa = PBXFileReference; lastKnownFileType = image.png; path = "SPTListTabIcon@2x.png"; sourceTree = "<group>"; };
		1B0846BF1995EB650055CDCE /* SPTMapTabIcon.png */ = {isa = PBXFileReference; lastKnownFileType = image.png; path = SPTMapTabIcon.png; sourceTree = "<group>"; };
		1B0846C01995EB650055CDCE /* SPTMapTabIcon@2x.png */ = {isa = PBXFileReference; lastKnownFileType = image.png; path = "SPTMapTabIcon@2x.png"; sourceTree = "<group>"; };
		1B0846C11995EB650055CDCE /* SPTProfileTabIcon.png */ = {isa = PBXFileReference; lastKnownFileType = image.png; path = SPTProfileTabIcon.png; sourceTree = "<group>"; };
		1B0846C21995EB650055CDCE /* SPTProfileTabIcon@2x.png */ = {isa = PBXFileReference; lastKnownFileType = image.png; path = "SPTProfileTabIcon@2x.png"; sourceTree = "<group>"; };
		1B0846C91995EDD20055CDCE /* SPTMacros.h */ = {isa = PBXFileReference; fileEncoding = 4; lastKnownFileType = sourcecode.c.h; path = SPTMacros.h; sourceTree = "<group>"; };
		1B0846CA1995EDD20055CDCE /* SPTMacros.m */ = {isa = PBXFileReference; fileEncoding = 4; lastKnownFileType = sourcecode.c.objc; path = SPTMacros.m; sourceTree = "<group>"; };
		1B0846D91995FE270055CDCE /* SPTWorkoutCellTableViewCell.h */ = {isa = PBXFileReference; fileEncoding = 4; lastKnownFileType = sourcecode.c.h; path = SPTWorkoutCellTableViewCell.h; sourceTree = "<group>"; };
		1B0846DA1995FE270055CDCE /* SPTWorkoutCellTableViewCell.m */ = {isa = PBXFileReference; fileEncoding = 4; lastKnownFileType = sourcecode.c.objc; path = SPTWorkoutCellTableViewCell.m; sourceTree = "<group>"; };
		1B0846DB1995FE270055CDCE /* SPTWorkoutCellTableViewCell.xib */ = {isa = PBXFileReference; fileEncoding = 4; lastKnownFileType = file.xib; path = SPTWorkoutCellTableViewCell.xib; sourceTree = "<group>"; };
		1B0846DE199605740055CDCE /* SPTWorkout.h */ = {isa = PBXFileReference; fileEncoding = 4; lastKnownFileType = sourcecode.c.h; path = SPTWorkout.h; sourceTree = "<group>"; };
		1B0846DF199605740055CDCE /* SPTWorkout.m */ = {isa = PBXFileReference; fileEncoding = 4; lastKnownFileType = sourcecode.c.objc; path = SPTWorkout.m; sourceTree = "<group>"; };
		1B0846E1199624FF0055CDCE /* SPTWorkoutAnnotation.h */ = {isa = PBXFileReference; fileEncoding = 4; lastKnownFileType = sourcecode.c.h; path = SPTWorkoutAnnotation.h; sourceTree = "<group>"; };
		1B0846E2199624FF0055CDCE /* SPTWorkoutAnnotation.m */ = {isa = PBXFileReference; fileEncoding = 4; lastKnownFileType = sourcecode.c.objc; path = SPTWorkoutAnnotation.m; sourceTree = "<group>"; };
		1B327D1F1995B5E10089E5BA /* Spottr.app */ = {isa = PBXFileReference; explicitFileType = wrapper.application; includeInIndex = 0; path = Spottr.app; sourceTree = BUILT_PRODUCTS_DIR; };
		1B327D221995B5E10089E5BA /* Foundation.framework */ = {isa = PBXFileReference; lastKnownFileType = wrapper.framework; name = Foundation.framework; path = System/Library/Frameworks/Foundation.framework; sourceTree = SDKROOT; };
		1B327D241995B5E10089E5BA /* CoreGraphics.framework */ = {isa = PBXFileReference; lastKnownFileType = wrapper.framework; name = CoreGraphics.framework; path = System/Library/Frameworks/CoreGraphics.framework; sourceTree = SDKROOT; };
		1B327D261995B5E10089E5BA /* UIKit.framework */ = {isa = PBXFileReference; lastKnownFileType = wrapper.framework; name = UIKit.framework; path = System/Library/Frameworks/UIKit.framework; sourceTree = SDKROOT; };
		1B327D2A1995B5E10089E5BA /* Spottr-Info.plist */ = {isa = PBXFileReference; lastKnownFileType = text.plist.xml; path = "Spottr-Info.plist"; sourceTree = "<group>"; };
		1B327D2C1995B5E10089E5BA /* en */ = {isa = PBXFileReference; lastKnownFileType = text.plist.strings; name = en; path = en.lproj/InfoPlist.strings; sourceTree = "<group>"; };
		1B327D2E1995B5E10089E5BA /* main.m */ = {isa = PBXFileReference; lastKnownFileType = sourcecode.c.objc; path = main.m; sourceTree = "<group>"; };
		1B327D301995B5E10089E5BA /* Spottr-Prefix.pch */ = {isa = PBXFileReference; lastKnownFileType = sourcecode.c.h; path = "Spottr-Prefix.pch"; sourceTree = "<group>"; };
		1B327D311995B5E10089E5BA /* SPTAppDelegate.h */ = {isa = PBXFileReference; lastKnownFileType = sourcecode.c.h; path = SPTAppDelegate.h; sourceTree = "<group>"; };
		1B327D321995B5E10089E5BA /* SPTAppDelegate.m */ = {isa = PBXFileReference; lastKnownFileType = sourcecode.c.objc; path = SPTAppDelegate.m; sourceTree = "<group>"; };
		1B327D341995B5E10089E5BA /* Images.xcassets */ = {isa = PBXFileReference; lastKnownFileType = folder.assetcatalog; path = Images.xcassets; sourceTree = "<group>"; };
		1B327D3A1995B5E20089E5BA /* SpottrTests.xctest */ = {isa = PBXFileReference; explicitFileType = wrapper.cfbundle; includeInIndex = 0; path = SpottrTests.xctest; sourceTree = BUILT_PRODUCTS_DIR; };
		1B327D3B1995B5E20089E5BA /* XCTest.framework */ = {isa = PBXFileReference; lastKnownFileType = wrapper.framework; name = XCTest.framework; path = Library/Frameworks/XCTest.framework; sourceTree = DEVELOPER_DIR; };
		1B327D431995B5E20089E5BA /* SpottrTests-Info.plist */ = {isa = PBXFileReference; lastKnownFileType = text.plist.xml; path = "SpottrTests-Info.plist"; sourceTree = "<group>"; };
		1B327D451995B5E20089E5BA /* en */ = {isa = PBXFileReference; lastKnownFileType = text.plist.strings; name = en; path = en.lproj/InfoPlist.strings; sourceTree = "<group>"; };
		1B327D471995B5E20089E5BA /* SpottrTests.m */ = {isa = PBXFileReference; lastKnownFileType = sourcecode.c.objc; path = SpottrTests.m; sourceTree = "<group>"; };
		1B327D611995BDC10089E5BA /* SPTLoginViewController.h */ = {isa = PBXFileReference; fileEncoding = 4; lastKnownFileType = sourcecode.c.h; path = SPTLoginViewController.h; sourceTree = "<group>"; };
		1B327D621995BDC10089E5BA /* SPTLoginViewController.m */ = {isa = PBXFileReference; fileEncoding = 4; lastKnownFileType = sourcecode.c.objc; path = SPTLoginViewController.m; sourceTree = "<group>"; };
		1B327D631995BDC10089E5BA /* SPTLoginViewController.xib */ = {isa = PBXFileReference; fileEncoding = 4; lastKnownFileType = file.xib; path = SPTLoginViewController.xib; sourceTree = "<group>"; };
		1B327D6B1995BDFF0089E5BA /* SPTMapViewController.h */ = {isa = PBXFileReference; fileEncoding = 4; lastKnownFileType = sourcecode.c.h; path = SPTMapViewController.h; sourceTree = "<group>"; };
		1B327D6C1995BDFF0089E5BA /* SPTMapViewController.m */ = {isa = PBXFileReference; fileEncoding = 4; lastKnownFileType = sourcecode.c.objc; path = SPTMapViewController.m; sourceTree = "<group>"; };
		1B327D6D1995BDFF0089E5BA /* SPTMapViewController.xib */ = {isa = PBXFileReference; fileEncoding = 4; lastKnownFileType = file.xib; path = SPTMapViewController.xib; sourceTree = "<group>"; };
		1B327D701995BE0A0089E5BA /* SPTProfileViewController.h */ = {isa = PBXFileReference; fileEncoding = 4; lastKnownFileType = sourcecode.c.h; path = SPTProfileViewController.h; sourceTree = "<group>"; };
		1B327D711995BE0A0089E5BA /* SPTProfileViewController.m */ = {isa = PBXFileReference; fileEncoding = 4; lastKnownFileType = sourcecode.c.objc; path = SPTProfileViewController.m; sourceTree = "<group>"; };
		1B327D721995BE0A0089E5BA /* SPTProfileViewController.xib */ = {isa = PBXFileReference; fileEncoding = 4; lastKnownFileType = file.xib; path = SPTProfileViewController.xib; sourceTree = "<group>"; };
		1B327D791995BE980089E5BA /* SPTMainTabBarController.h */ = {isa = PBXFileReference; fileEncoding = 4; lastKnownFileType = sourcecode.c.h; path = SPTMainTabBarController.h; sourceTree = "<group>"; };
		1B327D7A1995BE980089E5BA /* SPTMainTabBarController.m */ = {isa = PBXFileReference; fileEncoding = 4; lastKnownFileType = sourcecode.c.objc; path = SPTMainTabBarController.m; sourceTree = "<group>"; };
		1B327D7D1995BED60089E5BA /* SPTWorkoutListTableViewController.h */ = {isa = PBXFileReference; fileEncoding = 4; lastKnownFileType = sourcecode.c.h; path = SPTWorkoutListTableViewController.h; sourceTree = "<group>"; };
		1B327D7E1995BED60089E5BA /* SPTWorkoutListTableViewController.m */ = {isa = PBXFileReference; fileEncoding = 4; lastKnownFileType = sourcecode.c.objc; path = SPTWorkoutListTableViewController.m; sourceTree = "<group>"; };
		1B327D7F1995BED60089E5BA /* SPTWorkoutListTableViewController.xib */ = {isa = PBXFileReference; fileEncoding = 4; lastKnownFileType = file.xib; path = SPTWorkoutListTableViewController.xib; sourceTree = "<group>"; };
		1B327D891995C1190089E5BA /* SPTWorkoutDetailsViewController.h */ = {isa = PBXFileReference; fileEncoding = 4; lastKnownFileType = sourcecode.c.h; path = SPTWorkoutDetailsViewController.h; sourceTree = "<group>"; };
		1B327D8A1995C1190089E5BA /* SPTWorkoutDetailsViewController.m */ = {isa = PBXFileReference; fileEncoding = 4; lastKnownFileType = sourcecode.c.objc; path = SPTWorkoutDetailsViewController.m; sourceTree = "<group>"; };
		1B327D8B1995C1190089E5BA /* SPTWorkoutDetailsViewController.xib */ = {isa = PBXFileReference; fileEncoding = 4; lastKnownFileType = file.xib; path = SPTWorkoutDetailsViewController.xib; sourceTree = "<group>"; };
		1B39051B1995F4860084CE57 /* SPTSignUpViewController.h */ = {isa = PBXFileReference; fileEncoding = 4; lastKnownFileType = sourcecode.c.h; path = SPTSignUpViewController.h; sourceTree = "<group>"; };
		1B39051C1995F4860084CE57 /* SPTSignUpViewController.m */ = {isa = PBXFileReference; fileEncoding = 4; lastKnownFileType = sourcecode.c.objc; path = SPTSignUpViewController.m; sourceTree = "<group>"; };
		1B39051D1995F4860084CE57 /* SPTSignUpViewController.xib */ = {isa = PBXFileReference; fileEncoding = 4; lastKnownFileType = file.xib; path = SPTSignUpViewController.xib; sourceTree = "<group>"; };
		1B390520199685980084CE57 /* SPTCreateWorkoutTableViewController.h */ = {isa = PBXFileReference; fileEncoding = 4; lastKnownFileType = sourcecode.c.h; path = SPTCreateWorkoutTableViewController.h; sourceTree = "<group>"; };
		1B390521199685980084CE57 /* SPTCreateWorkoutTableViewController.m */ = {isa = PBXFileReference; fileEncoding = 4; lastKnownFileType = sourcecode.c.objc; path = SPTCreateWorkoutTableViewController.m; sourceTree = "<group>"; };
		1B390522199685990084CE57 /* SPTCreateWorkoutTableViewController.xib */ = {isa = PBXFileReference; fileEncoding = 4; lastKnownFileType = file.xib; path = SPTCreateWorkoutTableViewController.xib; sourceTree = "<group>"; };
		1B39052A199686130084CE57 /* SPTTextFieldTableViewCell.h */ = {isa = PBXFileReference; fileEncoding = 4; lastKnownFileType = sourcecode.c.h; path = SPTTextFieldTableViewCell.h; sourceTree = "<group>"; };
		1B39052B199686130084CE57 /* SPTTextFieldTableViewCell.m */ = {isa = PBXFileReference; fileEncoding = 4; lastKnownFileType = sourcecode.c.objc; path = SPTTextFieldTableViewCell.m; sourceTree = "<group>"; };
		1B39052C199686130084CE57 /* SPTTextFieldTableViewCell.xib */ = {isa = PBXFileReference; fileEncoding = 4; lastKnownFileType = file.xib; path = SPTTextFieldTableViewCell.xib; sourceTree = "<group>"; };
		1B39052F199686650084CE57 /* SPTLabelAndTextViewTableViewCell.h */ = {isa = PBXFileReference; fileEncoding = 4; lastKnownFileType = sourcecode.c.h; path = SPTLabelAndTextViewTableViewCell.h; sourceTree = "<group>"; };
		1B390530199686650084CE57 /* SPTLabelAndTextViewTableViewCell.m */ = {isa = PBXFileReference; fileEncoding = 4; lastKnownFileType = sourcecode.c.objc; path = SPTLabelAndTextViewTableViewCell.m; sourceTree = "<group>"; };
		1B390531199686650084CE57 /* SPTLabelAndTextViewTableViewCell.xib */ = {isa = PBXFileReference; fileEncoding = 4; lastKnownFileType = file.xib; path = SPTLabelAndTextViewTableViewCell.xib; sourceTree = "<group>"; };
		1B390534199687240084CE57 /* SPTLabelAndTextFieldTableViewCell.h */ = {isa = PBXFileReference; fileEncoding = 4; lastKnownFileType = sourcecode.c.h; path = SPTLabelAndTextFieldTableViewCell.h; sourceTree = "<group>"; };
		1B390535199687240084CE57 /* SPTLabelAndTextFieldTableViewCell.m */ = {isa = PBXFileReference; fileEncoding = 4; lastKnownFileType = sourcecode.c.objc; path = SPTLabelAndTextFieldTableViewCell.m; sourceTree = "<group>"; };
		1B390536199687240084CE57 /* SPTLabelAndTextFieldTableViewCell.xib */ = {isa = PBXFileReference; fileEncoding = 4; lastKnownFileType = file.xib; path = SPTLabelAndTextFieldTableViewCell.xib; sourceTree = "<group>"; };
		1B39053919968D6B0084CE57 /* SPTDatePickerTableViewCell.h */ = {isa = PBXFileReference; fileEncoding = 4; lastKnownFileType = sourcecode.c.h; path = SPTDatePickerTableViewCell.h; sourceTree = "<group>"; };
		1B39053A19968D6B0084CE57 /* SPTDatePickerTableViewCell.m */ = {isa = PBXFileReference; fileEncoding = 4; lastKnownFileType = sourcecode.c.objc; path = SPTDatePickerTableViewCell.m; sourceTree = "<group>"; };
		1B39053B19968D6B0084CE57 /* SPTDatePickerTableViewCell.xib */ = {isa = PBXFileReference; fileEncoding = 4; lastKnownFileType = file.xib; path = SPTDatePickerTableViewCell.xib; sourceTree = "<group>"; };
		1B39053E199692270084CE57 /* CoreLocation.framework */ = {isa = PBXFileReference; lastKnownFileType = wrapper.framework; name = CoreLocation.framework; path = System/Library/Frameworks/CoreLocation.framework; sourceTree = SDKROOT; };
		200BBF56EE304EF59AB61934 /* Pods-Spottr.xcconfig */ = {isa = PBXFileReference; includeInIndex = 1; lastKnownFileType = text.xcconfig; name = "Pods-Spottr.xcconfig"; path = "Pods/Pods-Spottr.xcconfig"; sourceTree = "<group>"; };
		2F227551199609D3004CFF9A /* SPTMapAnnotationIcon.png */ = {isa = PBXFileReference; lastKnownFileType = image.png; path = SPTMapAnnotationIcon.png; sourceTree = "<group>"; };
		2F22755319960A5D004CFF9A /* SPTMapAnnotationIcon@2x.png */ = {isa = PBXFileReference; lastKnownFileType = image.png; path = "SPTMapAnnotationIcon@2x.png"; sourceTree = "<group>"; };
		2F22755519960D5C004CFF9A /* SPTAddPhotoPlaceholder.png */ = {isa = PBXFileReference; lastKnownFileType = image.png; path = SPTAddPhotoPlaceholder.png; sourceTree = "<group>"; };
		2F22755619960D5C004CFF9A /* SPTAddPhotoPlaceholder@2x.png */ = {isa = PBXFileReference; lastKnownFileType = image.png; path = "SPTAddPhotoPlaceholder@2x.png"; sourceTree = "<group>"; };
		2F22755919961235004CFF9A /* SPTLogo.png */ = {isa = PBXFileReference; lastKnownFileType = image.png; path = SPTLogo.png; sourceTree = "<group>"; };
		2F22755A19961235004CFF9A /* SPTLogo@2x.png */ = {isa = PBXFileReference; lastKnownFileType = image.png; path = "SPTLogo@2x.png"; sourceTree = "<group>"; };
		2F22755B19961235004CFF9A /* SPTTitle.png */ = {isa = PBXFileReference; lastKnownFileType = image.png; path = SPTTitle.png; sourceTree = "<group>"; };
		2F22755C19961235004CFF9A /* SPTTitle@2x.png */ = {isa = PBXFileReference; lastKnownFileType = image.png; path = "SPTTitle@2x.png"; sourceTree = "<group>"; };
		2F227562199615E3004CFF9A /* SPTCreateWorkoutController.h */ = {isa = PBXFileReference; fileEncoding = 4; lastKnownFileType = sourcecode.c.h; path = SPTCreateWorkoutController.h; sourceTree = "<group>"; };
		2F227563199615E3004CFF9A /* SPTCreateWorkoutController.m */ = {isa = PBXFileReference; fileEncoding = 4; lastKnownFileType = sourcecode.c.objc; path = SPTCreateWorkoutController.m; sourceTree = "<group>"; };
		2F227564199615E3004CFF9A /* SPTCreateWorkoutController.xib */ = {isa = PBXFileReference; fileEncoding = 4; lastKnownFileType = file.xib; path = SPTCreateWorkoutController.xib; sourceTree = "<group>"; };
		2F6B89771996730F00824552 /* SPTFacebookButton.png */ = {isa = PBXFileReference; lastKnownFileType = image.png; path = SPTFacebookButton.png; sourceTree = "<group>"; };
		2F6B897919969AE800824552 /* SPTHardcodedImageLol.png */ = {isa = PBXFileReference; lastKnownFileType = image.png; path = SPTHardcodedImageLol.png; sourceTree = "<group>"; };
		F69D72784472414EA1FCFC33 /* libPods-Spottr.a */ = {isa = PBXFileReference; explicitFileType = archive.ar; includeInIndex = 0; path = "libPods-Spottr.a"; sourceTree = BUILT_PRODUCTS_DIR; };
/* End PBXFileReference section */

/* Begin PBXFrameworksBuildPhase section */
		1B327D1C1995B5E10089E5BA /* Frameworks */ = {
			isa = PBXFrameworksBuildPhase;
			buildActionMask = 2147483647;
			files = (
				1B39053F199692270084CE57 /* CoreLocation.framework in Frameworks */,
				1B0846BA1995E7FD0055CDCE /* MapKit.framework in Frameworks */,
				1B327D251995B5E10089E5BA /* CoreGraphics.framework in Frameworks */,
				1B327D271995B5E10089E5BA /* UIKit.framework in Frameworks */,
				1B327D231995B5E10089E5BA /* Foundation.framework in Frameworks */,
				C0B430FAE3B14898B4B189CB /* libPods-Spottr.a in Frameworks */,
			);
			runOnlyForDeploymentPostprocessing = 0;
		};
		1B327D371995B5E20089E5BA /* Frameworks */ = {
			isa = PBXFrameworksBuildPhase;
			buildActionMask = 2147483647;
			files = (
				1B327D3C1995B5E20089E5BA /* XCTest.framework in Frameworks */,
				1B327D3E1995B5E20089E5BA /* UIKit.framework in Frameworks */,
				1B327D3D1995B5E20089E5BA /* Foundation.framework in Frameworks */,
			);
			runOnlyForDeploymentPostprocessing = 0;
		};
/* End PBXFrameworksBuildPhase section */

/* Begin PBXGroup section */
		1B0846BB1995EB650055CDCE /* Resources */ = {
			isa = PBXGroup;
			children = (
				1B0846BC1995EB650055CDCE /* Images */,
			);
			path = Resources;
			sourceTree = "<group>";
		};
		1B0846BC1995EB650055CDCE /* Images */ = {
			isa = PBXGroup;
			children = (
				2F6B897919969AE800824552 /* SPTHardcodedImageLol.png */,
				2F6B89771996730F00824552 /* SPTFacebookButton.png */,
				2F22755919961235004CFF9A /* SPTLogo.png */,
				2F22755A19961235004CFF9A /* SPTLogo@2x.png */,
				2F22755B19961235004CFF9A /* SPTTitle.png */,
				2F22755C19961235004CFF9A /* SPTTitle@2x.png */,
				2F22755519960D5C004CFF9A /* SPTAddPhotoPlaceholder.png */,
				2F22755619960D5C004CFF9A /* SPTAddPhotoPlaceholder@2x.png */,
				2F227551199609D3004CFF9A /* SPTMapAnnotationIcon.png */,
				2F22755319960A5D004CFF9A /* SPTMapAnnotationIcon@2x.png */,
				1B0846BD1995EB650055CDCE /* SPTListTabIcon.png */,
				1B0846BE1995EB650055CDCE /* SPTListTabIcon@2x.png */,
				1B0846BF1995EB650055CDCE /* SPTMapTabIcon.png */,
				1B0846C01995EB650055CDCE /* SPTMapTabIcon@2x.png */,
				1B0846C11995EB650055CDCE /* SPTProfileTabIcon.png */,
				1B0846C21995EB650055CDCE /* SPTProfileTabIcon@2x.png */,
			);
			path = Images;
			sourceTree = "<group>";
		};
		1B0846D81995FE060055CDCE /* CustomCells */ = {
			isa = PBXGroup;
			children = (
				1B0846D91995FE270055CDCE /* SPTWorkoutCellTableViewCell.h */,
				1B0846DA1995FE270055CDCE /* SPTWorkoutCellTableViewCell.m */,
				1B0846DB1995FE270055CDCE /* SPTWorkoutCellTableViewCell.xib */,
				1B39052A199686130084CE57 /* SPTTextFieldTableViewCell.h */,
				1B39052B199686130084CE57 /* SPTTextFieldTableViewCell.m */,
				1B39052C199686130084CE57 /* SPTTextFieldTableViewCell.xib */,
				1B39052F199686650084CE57 /* SPTLabelAndTextViewTableViewCell.h */,
				1B390530199686650084CE57 /* SPTLabelAndTextViewTableViewCell.m */,
				1B390531199686650084CE57 /* SPTLabelAndTextViewTableViewCell.xib */,
				1B390534199687240084CE57 /* SPTLabelAndTextFieldTableViewCell.h */,
				1B390535199687240084CE57 /* SPTLabelAndTextFieldTableViewCell.m */,
				1B390536199687240084CE57 /* SPTLabelAndTextFieldTableViewCell.xib */,
				1B39053919968D6B0084CE57 /* SPTDatePickerTableViewCell.h */,
				1B39053A19968D6B0084CE57 /* SPTDatePickerTableViewCell.m */,
				1B39053B19968D6B0084CE57 /* SPTDatePickerTableViewCell.xib */,
			);
			path = CustomCells;
			sourceTree = "<group>";
		};
		1B327D161995B5E10089E5BA = {
			isa = PBXGroup;
			children = (
				1B327D281995B5E10089E5BA /* Spottr */,
				1B327D411995B5E20089E5BA /* SpottrTests */,
				1B327D211995B5E10089E5BA /* Frameworks */,
				1B327D201995B5E10089E5BA /* Products */,
				200BBF56EE304EF59AB61934 /* Pods-Spottr.xcconfig */,
			);
			sourceTree = "<group>";
		};
		1B327D201995B5E10089E5BA /* Products */ = {
			isa = PBXGroup;
			children = (
				1B327D1F1995B5E10089E5BA /* Spottr.app */,
				1B327D3A1995B5E20089E5BA /* SpottrTests.xctest */,
			);
			name = Products;
			sourceTree = "<group>";
		};
		1B327D211995B5E10089E5BA /* Frameworks */ = {
			isa = PBXGroup;
			children = (
				1B39053E199692270084CE57 /* CoreLocation.framework */,
				1B0846B91995E7FD0055CDCE /* MapKit.framework */,
				1B327D221995B5E10089E5BA /* Foundation.framework */,
				1B327D241995B5E10089E5BA /* CoreGraphics.framework */,
				1B327D261995B5E10089E5BA /* UIKit.framework */,
				1B327D3B1995B5E20089E5BA /* XCTest.framework */,
				F69D72784472414EA1FCFC33 /* libPods-Spottr.a */,
			);
			name = Frameworks;
			sourceTree = "<group>";
		};
		1B327D281995B5E10089E5BA /* Spottr */ = {
			isa = PBXGroup;
			children = (
				1B0846D81995FE060055CDCE /* CustomCells */,
				1B0846BB1995EB650055CDCE /* Resources */,
				1B327D5B1995BD770089E5BA /* ViewControllers */,
				1B327D511995B64A0089E5BA /* Categories */,
				1B327D521995B64A0089E5BA /* CustomViews */,
				1B327D531995B64A0089E5BA /* Model */,
				1B327D541995B64A0089E5BA /* Services */,
				1B327D311995B5E10089E5BA /* SPTAppDelegate.h */,
				1B327D321995B5E10089E5BA /* SPTAppDelegate.m */,
				1B327D341995B5E10089E5BA /* Images.xcassets */,
				1B327D291995B5E10089E5BA /* Supporting Files */,
				1B0846C91995EDD20055CDCE /* SPTMacros.h */,
				1B0846CA1995EDD20055CDCE /* SPTMacros.m */,
			);
			path = Spottr;
			sourceTree = "<group>";
		};
		1B327D291995B5E10089E5BA /* Supporting Files */ = {
			isa = PBXGroup;
			children = (
				1B327D2A1995B5E10089E5BA /* Spottr-Info.plist */,
				1B327D2B1995B5E10089E5BA /* InfoPlist.strings */,
				1B327D2E1995B5E10089E5BA /* main.m */,
				1B327D301995B5E10089E5BA /* Spottr-Prefix.pch */,
			);
			name = "Supporting Files";
			sourceTree = "<group>";
		};
		1B327D411995B5E20089E5BA /* SpottrTests */ = {
			isa = PBXGroup;
			children = (
				1B327D471995B5E20089E5BA /* SpottrTests.m */,
				1B327D421995B5E20089E5BA /* Supporting Files */,
			);
			path = SpottrTests;
			sourceTree = "<group>";
		};
		1B327D421995B5E20089E5BA /* Supporting Files */ = {
			isa = PBXGroup;
			children = (
				1B327D431995B5E20089E5BA /* SpottrTests-Info.plist */,
				1B327D441995B5E20089E5BA /* InfoPlist.strings */,
			);
			name = "Supporting Files";
			sourceTree = "<group>";
		};
		1B327D511995B64A0089E5BA /* Categories */ = {
			isa = PBXGroup;
			children = (
			);
			path = Categories;
			sourceTree = "<group>";
		};
		1B327D521995B64A0089E5BA /* CustomViews */ = {
			isa = PBXGroup;
			children = (
			);
			path = CustomViews;
			sourceTree = "<group>";
		};
		1B327D531995B64A0089E5BA /* Model */ = {
			isa = PBXGroup;
			children = (
				1B0846DE199605740055CDCE /* SPTWorkout.h */,
				1B0846DF199605740055CDCE /* SPTWorkout.m */,
				1B0846E1199624FF0055CDCE /* SPTWorkoutAnnotation.h */,
				1B0846E2199624FF0055CDCE /* SPTWorkoutAnnotation.m */,
			);
			path = Model;
			sourceTree = "<group>";
		};
		1B327D541995B64A0089E5BA /* Services */ = {
			isa = PBXGroup;
			children = (
			);
			path = Services;
			sourceTree = "<group>";
		};
		1B327D5B1995BD770089E5BA /* ViewControllers */ = {
			isa = PBXGroup;
			children = (
				2F227561199615C6004CFF9A /* CreateWorkout */,
				1B39051A1995F47C0084CE57 /* SignUp */,
				1B327D881995C0DD0089E5BA /* WorkoutDetails */,
				1B327D7C1995BEB90089E5BA /* WorkoutList */,
				1B327D781995BE880089E5BA /* Main */,
				1B327D5D1995BDB40089E5BA /* Login */,
				1B327D5F1995BDB40089E5BA /* Map */,
				1B327D601995BDB40089E5BA /* Profile */,
			);
			path = ViewControllers;
			sourceTree = "<group>";
		};
		1B327D5D1995BDB40089E5BA /* Login */ = {
			isa = PBXGroup;
			children = (
				1B327D611995BDC10089E5BA /* SPTLoginViewController.h */,
				1B327D621995BDC10089E5BA /* SPTLoginViewController.m */,
				1B327D631995BDC10089E5BA /* SPTLoginViewController.xib */,
			);
			path = Login;
			sourceTree = "<group>";
		};
		1B327D5F1995BDB40089E5BA /* Map */ = {
			isa = PBXGroup;
			children = (
				1B327D6B1995BDFF0089E5BA /* SPTMapViewController.h */,
				1B327D6C1995BDFF0089E5BA /* SPTMapViewController.m */,
				1B327D6D1995BDFF0089E5BA /* SPTMapViewController.xib */,
			);
			path = Map;
			sourceTree = "<group>";
		};
		1B327D601995BDB40089E5BA /* Profile */ = {
			isa = PBXGroup;
			children = (
				1B327D701995BE0A0089E5BA /* SPTProfileViewController.h */,
				1B327D711995BE0A0089E5BA /* SPTProfileViewController.m */,
				1B327D721995BE0A0089E5BA /* SPTProfileViewController.xib */,
			);
			path = Profile;
			sourceTree = "<group>";
		};
		1B327D781995BE880089E5BA /* Main */ = {
			isa = PBXGroup;
			children = (
				1B327D791995BE980089E5BA /* SPTMainTabBarController.h */,
				1B327D7A1995BE980089E5BA /* SPTMainTabBarController.m */,
			);
			path = Main;
			sourceTree = "<group>";
		};
		1B327D7C1995BEB90089E5BA /* WorkoutList */ = {
			isa = PBXGroup;
			children = (
				1B327D7D1995BED60089E5BA /* SPTWorkoutListTableViewController.h */,
				1B327D7E1995BED60089E5BA /* SPTWorkoutListTableViewController.m */,
				1B327D7F1995BED60089E5BA /* SPTWorkoutListTableViewController.xib */,
			);
			path = WorkoutList;
			sourceTree = "<group>";
		};
		1B327D881995C0DD0089E5BA /* WorkoutDetails */ = {
			isa = PBXGroup;
			children = (
				1B327D891995C1190089E5BA /* SPTWorkoutDetailsViewController.h */,
				1B327D8A1995C1190089E5BA /* SPTWorkoutDetailsViewController.m */,
				1B327D8B1995C1190089E5BA /* SPTWorkoutDetailsViewController.xib */,
			);
			path = WorkoutDetails;
			sourceTree = "<group>";
		};
		1B39051A1995F47C0084CE57 /* SignUp */ = {
			isa = PBXGroup;
			children = (
				1B39051B1995F4860084CE57 /* SPTSignUpViewController.h */,
				1B39051C1995F4860084CE57 /* SPTSignUpViewController.m */,
				1B39051D1995F4860084CE57 /* SPTSignUpViewController.xib */,
			);
			path = SignUp;
			sourceTree = "<group>";
		};
		2F227561199615C6004CFF9A /* CreateWorkout */ = {
			isa = PBXGroup;
			children = (
				2F227562199615E3004CFF9A /* SPTCreateWorkoutController.h */,
				2F227563199615E3004CFF9A /* SPTCreateWorkoutController.m */,
				2F227564199615E3004CFF9A /* SPTCreateWorkoutController.xib */,
				1B390520199685980084CE57 /* SPTCreateWorkoutTableViewController.h */,
				1B390521199685980084CE57 /* SPTCreateWorkoutTableViewController.m */,
				1B390522199685990084CE57 /* SPTCreateWorkoutTableViewController.xib */,
			);
			path = CreateWorkout;
			sourceTree = "<group>";
		};
/* End PBXGroup section */

/* Begin PBXNativeTarget section */
		1B327D1E1995B5E10089E5BA /* Spottr */ = {
			isa = PBXNativeTarget;
			buildConfigurationList = 1B327D4B1995B5E20089E5BA /* Build configuration list for PBXNativeTarget "Spottr" */;
			buildPhases = (
				5A727B12F1724A339C590B15 /* Check Pods Manifest.lock */,
				1B327D1B1995B5E10089E5BA /* Sources */,
				1B327D1C1995B5E10089E5BA /* Frameworks */,
				1B327D1D1995B5E10089E5BA /* Resources */,
				BE3925158469427094779A43 /* Copy Pods Resources */,
			);
			buildRules = (
			);
			dependencies = (
			);
			name = Spottr;
			productName = Spottr;
			productReference = 1B327D1F1995B5E10089E5BA /* Spottr.app */;
			productType = "com.apple.product-type.application";
		};
		1B327D391995B5E20089E5BA /* SpottrTests */ = {
			isa = PBXNativeTarget;
			buildConfigurationList = 1B327D4E1995B5E20089E5BA /* Build configuration list for PBXNativeTarget "SpottrTests" */;
			buildPhases = (
				1B327D361995B5E20089E5BA /* Sources */,
				1B327D371995B5E20089E5BA /* Frameworks */,
				1B327D381995B5E20089E5BA /* Resources */,
			);
			buildRules = (
			);
			dependencies = (
				1B327D401995B5E20089E5BA /* PBXTargetDependency */,
			);
			name = SpottrTests;
			productName = SpottrTests;
			productReference = 1B327D3A1995B5E20089E5BA /* SpottrTests.xctest */;
			productType = "com.apple.product-type.bundle.unit-test";
		};
/* End PBXNativeTarget section */

/* Begin PBXProject section */
		1B327D171995B5E10089E5BA /* Project object */ = {
			isa = PBXProject;
			attributes = {
				CLASSPREFIX = SPT;
				LastUpgradeCheck = 0510;
				ORGANIZATIONNAME = Spottr;
				TargetAttributes = {
					1B327D391995B5E20089E5BA = {
						TestTargetID = 1B327D1E1995B5E10089E5BA;
					};
				};
			};
			buildConfigurationList = 1B327D1A1995B5E10089E5BA /* Build configuration list for PBXProject "Spottr" */;
			compatibilityVersion = "Xcode 3.2";
			developmentRegion = English;
			hasScannedForEncodings = 0;
			knownRegions = (
				en,
			);
			mainGroup = 1B327D161995B5E10089E5BA;
			productRefGroup = 1B327D201995B5E10089E5BA /* Products */;
			projectDirPath = "";
			projectRoot = "";
			targets = (
				1B327D1E1995B5E10089E5BA /* Spottr */,
				1B327D391995B5E20089E5BA /* SpottrTests */,
			);
		};
/* End PBXProject section */

/* Begin PBXResourcesBuildPhase section */
		1B327D1D1995B5E10089E5BA /* Resources */ = {
			isa = PBXResourcesBuildPhase;
			buildActionMask = 2147483647;
			files = (
				2F22755719960D5C004CFF9A /* SPTAddPhotoPlaceholder.png in Resources */,
				1B327D651995BDC10089E5BA /* SPTLoginViewController.xib in Resources */,
				1B390533199686650084CE57 /* SPTLabelAndTextViewTableViewCell.xib in Resources */,
				1B39053D19968D6B0084CE57 /* SPTDatePickerTableViewCell.xib in Resources */,
				2F227552199609D3004CFF9A /* SPTMapAnnotationIcon.png in Resources */,
				1B390524199685990084CE57 /* SPTCreateWorkoutTableViewController.xib in Resources */,
				1B327D741995BE0A0089E5BA /* SPTProfileViewController.xib in Resources */,
				2F22756019961235004CFF9A /* SPTTitle@2x.png in Resources */,
				2F22755E19961235004CFF9A /* SPTLogo@2x.png in Resources */,
				1B39052E199686130084CE57 /* SPTTextFieldTableViewCell.xib in Resources */,
				1B327D8D1995C1190089E5BA /* SPTWorkoutDetailsViewController.xib in Resources */,
				2F22755D19961235004CFF9A /* SPTLogo.png in Resources */,
				1B327D6F1995BDFF0089E5BA /* SPTMapViewController.xib in Resources */,
				2F22755819960D5C004CFF9A /* SPTAddPhotoPlaceholder@2x.png in Resources */,
				1B0846DD1995FE270055CDCE /* SPTWorkoutCellTableViewCell.xib in Resources */,
				1B327D811995BED60089E5BA /* SPTWorkoutListTableViewController.xib in Resources */,
				2F6B89781996730F00824552 /* SPTFacebookButton.png in Resources */,
				1B0846C51995EB650055CDCE /* SPTMapTabIcon.png in Resources */,
				2F6B897A19969AE800824552 /* SPTHardcodedImageLol.png in Resources */,
				2F22755F19961235004CFF9A /* SPTTitle.png in Resources */,
				1B0846C71995EB650055CDCE /* SPTProfileTabIcon.png in Resources */,
				1B39051F1995F4860084CE57 /* SPTSignUpViewController.xib in Resources */,
				1B390538199687240084CE57 /* SPTLabelAndTextFieldTableViewCell.xib in Resources */,
				1B0846C31995EB650055CDCE /* SPTListTabIcon.png in Resources */,
				2F227566199615E3004CFF9A /* SPTCreateWorkoutController.xib in Resources */,
				1B327D2D1995B5E10089E5BA /* InfoPlist.strings in Resources */,
				2F22755419960A5D004CFF9A /* SPTMapAnnotationIcon@2x.png in Resources */,
				1B327D351995B5E10089E5BA /* Images.xcassets in Resources */,
				1B0846C61995EB650055CDCE /* SPTMapTabIcon@2x.png in Resources */,
				1B0846C41995EB650055CDCE /* SPTListTabIcon@2x.png in Resources */,
				1B0846C81995EB650055CDCE /* SPTProfileTabIcon@2x.png in Resources */,
			);
			runOnlyForDeploymentPostprocessing = 0;
		};
		1B327D381995B5E20089E5BA /* Resources */ = {
			isa = PBXResourcesBuildPhase;
			buildActionMask = 2147483647;
			files = (
				1B327D461995B5E20089E5BA /* InfoPlist.strings in Resources */,
			);
			runOnlyForDeploymentPostprocessing = 0;
		};
/* End PBXResourcesBuildPhase section */

/* Begin PBXShellScriptBuildPhase section */
		5A727B12F1724A339C590B15 /* Check Pods Manifest.lock */ = {
			isa = PBXShellScriptBuildPhase;
			buildActionMask = 2147483647;
			files = (
			);
			inputPaths = (
			);
			name = "Check Pods Manifest.lock";
			outputPaths = (
			);
			runOnlyForDeploymentPostprocessing = 0;
			shellPath = /bin/sh;
			shellScript = "diff \"${PODS_ROOT}/../Podfile.lock\" \"${PODS_ROOT}/Manifest.lock\" > /dev/null\nif [[ $? != 0 ]] ; then\n    cat << EOM\nerror: The sandbox is not in sync with the Podfile.lock. Run 'pod install' or update your CocoaPods installation.\nEOM\n    exit 1\nfi\n";
			showEnvVarsInLog = 0;
		};
		BE3925158469427094779A43 /* Copy Pods Resources */ = {
			isa = PBXShellScriptBuildPhase;
			buildActionMask = 2147483647;
			files = (
			);
			inputPaths = (
			);
			name = "Copy Pods Resources";
			outputPaths = (
			);
			runOnlyForDeploymentPostprocessing = 0;
			shellPath = /bin/sh;
			shellScript = "\"${SRCROOT}/Pods/Pods-Spottr-resources.sh\"\n";
			showEnvVarsInLog = 0;
		};
/* End PBXShellScriptBuildPhase section */

/* Begin PBXSourcesBuildPhase section */
		1B327D1B1995B5E10089E5BA /* Sources */ = {
			isa = PBXSourcesBuildPhase;
			buildActionMask = 2147483647;
			files = (
				2F227565199615E3004CFF9A /* SPTCreateWorkoutController.m in Sources */,
				1B327D801995BED60089E5BA /* SPTWorkoutListTableViewController.m in Sources */,
				1B327D7B1995BE980089E5BA /* SPTMainTabBarController.m in Sources */,
				1B327D331995B5E10089E5BA /* SPTAppDelegate.m in Sources */,
				1B327D731995BE0A0089E5BA /* SPTProfileViewController.m in Sources */,
				1B390523199685990084CE57 /* SPTCreateWorkoutTableViewController.m in Sources */,
				1B390537199687240084CE57 /* SPTLabelAndTextFieldTableViewCell.m in Sources */,
				1B327D6E1995BDFF0089E5BA /* SPTMapViewController.m in Sources */,
				1B0846DC1995FE270055CDCE /* SPTWorkoutCellTableViewCell.m in Sources */,
				1B327D2F1995B5E10089E5BA /* main.m in Sources */,
				1B39052D199686130084CE57 /* SPTTextFieldTableViewCell.m in Sources */,
				1B0846E3199624FF0055CDCE /* SPTWorkoutAnnotation.m in Sources */,
				1B39053C19968D6B0084CE57 /* SPTDatePickerTableViewCell.m in Sources */,
				1B390532199686650084CE57 /* SPTLabelAndTextViewTableViewCell.m in Sources */,
				1B39051E1995F4860084CE57 /* SPTSignUpViewController.m in Sources */,
				1B327D641995BDC10089E5BA /* SPTLoginViewController.m in Sources */,
				1B0846CB1995EDD20055CDCE /* SPTMacros.m in Sources */,
				1B0846E0199605740055CDCE /* SPTWorkout.m in Sources */,
				1B327D8C1995C1190089E5BA /* SPTWorkoutDetailsViewController.m in Sources */,
			);
			runOnlyForDeploymentPostprocessing = 0;
		};
		1B327D361995B5E20089E5BA /* Sources */ = {
			isa = PBXSourcesBuildPhase;
			buildActionMask = 2147483647;
			files = (
				1B327D481995B5E20089E5BA /* SpottrTests.m in Sources */,
			);
			runOnlyForDeploymentPostprocessing = 0;
		};
/* End PBXSourcesBuildPhase section */

/* Begin PBXTargetDependency section */
		1B327D401995B5E20089E5BA /* PBXTargetDependency */ = {
			isa = PBXTargetDependency;
			target = 1B327D1E1995B5E10089E5BA /* Spottr */;
			targetProxy = 1B327D3F1995B5E20089E5BA /* PBXContainerItemProxy */;
		};
/* End PBXTargetDependency section */

/* Begin PBXVariantGroup section */
		1B327D2B1995B5E10089E5BA /* InfoPlist.strings */ = {
			isa = PBXVariantGroup;
			children = (
				1B327D2C1995B5E10089E5BA /* en */,
			);
			name = InfoPlist.strings;
			sourceTree = "<group>";
		};
		1B327D441995B5E20089E5BA /* InfoPlist.strings */ = {
			isa = PBXVariantGroup;
			children = (
				1B327D451995B5E20089E5BA /* en */,
			);
			name = InfoPlist.strings;
			sourceTree = "<group>";
		};
/* End PBXVariantGroup section */

/* Begin XCBuildConfiguration section */
		1B327D491995B5E20089E5BA /* Debug */ = {
			isa = XCBuildConfiguration;
			buildSettings = {
				ALWAYS_SEARCH_USER_PATHS = NO;
				CLANG_CXX_LANGUAGE_STANDARD = "gnu++0x";
				CLANG_CXX_LIBRARY = "libc++";
				CLANG_ENABLE_MODULES = YES;
				CLANG_ENABLE_OBJC_ARC = YES;
				CLANG_WARN_BOOL_CONVERSION = YES;
				CLANG_WARN_CONSTANT_CONVERSION = YES;
				CLANG_WARN_DIRECT_OBJC_ISA_USAGE = YES_ERROR;
				CLANG_WARN_EMPTY_BODY = YES;
				CLANG_WARN_ENUM_CONVERSION = YES;
				CLANG_WARN_INT_CONVERSION = YES;
				CLANG_WARN_OBJC_ROOT_CLASS = YES_ERROR;
				CLANG_WARN__DUPLICATE_METHOD_MATCH = YES;
				"CODE_SIGN_IDENTITY[sdk=iphoneos*]" = "iPhone Developer";
				COPY_PHASE_STRIP = NO;
				GCC_C_LANGUAGE_STANDARD = gnu99;
				GCC_DYNAMIC_NO_PIC = NO;
				GCC_OPTIMIZATION_LEVEL = 0;
				GCC_PREPROCESSOR_DEFINITIONS = (
					"DEBUG=1",
					"$(inherited)",
				);
				GCC_SYMBOLS_PRIVATE_EXTERN = NO;
				GCC_WARN_64_TO_32_BIT_CONVERSION = YES;
				GCC_WARN_ABOUT_RETURN_TYPE = YES_ERROR;
				GCC_WARN_UNDECLARED_SELECTOR = YES;
				GCC_WARN_UNINITIALIZED_AUTOS = YES_AGGRESSIVE;
				GCC_WARN_UNUSED_FUNCTION = YES;
				GCC_WARN_UNUSED_VARIABLE = YES;
				IPHONEOS_DEPLOYMENT_TARGET = 7.1;
				ONLY_ACTIVE_ARCH = YES;
				SDKROOT = iphoneos;
			};
			name = Debug;
		};
		1B327D4A1995B5E20089E5BA /* Release */ = {
			isa = XCBuildConfiguration;
			buildSettings = {
				ALWAYS_SEARCH_USER_PATHS = NO;
				CLANG_CXX_LANGUAGE_STANDARD = "gnu++0x";
				CLANG_CXX_LIBRARY = "libc++";
				CLANG_ENABLE_MODULES = YES;
				CLANG_ENABLE_OBJC_ARC = YES;
				CLANG_WARN_BOOL_CONVERSION = YES;
				CLANG_WARN_CONSTANT_CONVERSION = YES;
				CLANG_WARN_DIRECT_OBJC_ISA_USAGE = YES_ERROR;
				CLANG_WARN_EMPTY_BODY = YES;
				CLANG_WARN_ENUM_CONVERSION = YES;
				CLANG_WARN_INT_CONVERSION = YES;
				CLANG_WARN_OBJC_ROOT_CLASS = YES_ERROR;
				CLANG_WARN__DUPLICATE_METHOD_MATCH = YES;
				"CODE_SIGN_IDENTITY[sdk=iphoneos*]" = "iPhone Developer";
				COPY_PHASE_STRIP = YES;
				ENABLE_NS_ASSERTIONS = NO;
				GCC_C_LANGUAGE_STANDARD = gnu99;
				GCC_WARN_64_TO_32_BIT_CONVERSION = YES;
				GCC_WARN_ABOUT_RETURN_TYPE = YES_ERROR;
				GCC_WARN_UNDECLARED_SELECTOR = YES;
				GCC_WARN_UNINITIALIZED_AUTOS = YES_AGGRESSIVE;
				GCC_WARN_UNUSED_FUNCTION = YES;
				GCC_WARN_UNUSED_VARIABLE = YES;
				IPHONEOS_DEPLOYMENT_TARGET = 7.1;
				SDKROOT = iphoneos;
				VALIDATE_PRODUCT = YES;
			};
			name = Release;
		};
		1B327D4C1995B5E20089E5BA /* Debug */ = {
			isa = XCBuildConfiguration;
			baseConfigurationReference = 200BBF56EE304EF59AB61934 /* Pods-Spottr.xcconfig */;
			buildSettings = {
				ASSETCATALOG_COMPILER_APPICON_NAME = AppIcon;
				ASSETCATALOG_COMPILER_LAUNCHIMAGE_NAME = LaunchImage;
				CODE_SIGN_IDENTITY = "iPhone Developer: John Hammerlund (KHCLW686K6)";
				GCC_PRECOMPILE_PREFIX_HEADER = YES;
				GCC_PREFIX_HEADER = "Spottr/Spottr-Prefix.pch";
				INFOPLIST_FILE = "Spottr/Spottr-Info.plist";
				PRODUCT_NAME = "$(TARGET_NAME)";
				PROVISIONING_PROFILE = "DE82DDE6-2614-4087-AD5C-1E71C2104E79";
				WRAPPER_EXTENSION = app;
			};
			name = Debug;
		};
		1B327D4D1995B5E20089E5BA /* Release */ = {
			isa = XCBuildConfiguration;
			baseConfigurationReference = 200BBF56EE304EF59AB61934 /* Pods-Spottr.xcconfig */;
			buildSettings = {
				ASSETCATALOG_COMPILER_APPICON_NAME = AppIcon;
				ASSETCATALOG_COMPILER_LAUNCHIMAGE_NAME = LaunchImage;
				GCC_PRECOMPILE_PREFIX_HEADER = YES;
				GCC_PREFIX_HEADER = "Spottr/Spottr-Prefix.pch";
				INFOPLIST_FILE = "Spottr/Spottr-Info.plist";
				PRODUCT_NAME = "$(TARGET_NAME)";
				PROVISIONING_PROFILE = "DE82DDE6-2614-4087-AD5C-1E71C2104E79";
				WRAPPER_EXTENSION = app;
			};
			name = Release;
		};
		1B327D4F1995B5E20089E5BA /* Debug */ = {
			isa = XCBuildConfiguration;
			buildSettings = {
				BUNDLE_LOADER = "$(BUILT_PRODUCTS_DIR)/Spottr.app/Spottr";
				FRAMEWORK_SEARCH_PATHS = (
					"$(SDKROOT)/Developer/Library/Frameworks",
					"$(inherited)",
					"$(DEVELOPER_FRAMEWORKS_DIR)",
				);
				GCC_PRECOMPILE_PREFIX_HEADER = YES;
				GCC_PREFIX_HEADER = "Spottr/Spottr-Prefix.pch";
				GCC_PREPROCESSOR_DEFINITIONS = (
					"DEBUG=1",
					"$(inherited)",
				);
				INFOPLIST_FILE = "SpottrTests/SpottrTests-Info.plist";
				PRODUCT_NAME = "$(TARGET_NAME)";
				TEST_HOST = "$(BUNDLE_LOADER)";
				WRAPPER_EXTENSION = xctest;
			};
			name = Debug;
		};
		1B327D501995B5E20089E5BA /* Release */ = {
			isa = XCBuildConfiguration;
			buildSettings = {
				BUNDLE_LOADER = "$(BUILT_PRODUCTS_DIR)/Spottr.app/Spottr";
				FRAMEWORK_SEARCH_PATHS = (
					"$(SDKROOT)/Developer/Library/Frameworks",
					"$(inherited)",
					"$(DEVELOPER_FRAMEWORKS_DIR)",
				);
				GCC_PRECOMPILE_PREFIX_HEADER = YES;
				GCC_PREFIX_HEADER = "Spottr/Spottr-Prefix.pch";
				INFOPLIST_FILE = "SpottrTests/SpottrTests-Info.plist";
				PRODUCT_NAME = "$(TARGET_NAME)";
				TEST_HOST = "$(BUNDLE_LOADER)";
				WRAPPER_EXTENSION = xctest;
			};
			name = Release;
		};
/* End XCBuildConfiguration section */

/* Begin XCConfigurationList section */
		1B327D1A1995B5E10089E5BA /* Build configuration list for PBXProject "Spottr" */ = {
			isa = XCConfigurationList;
			buildConfigurations = (
				1B327D491995B5E20089E5BA /* Debug */,
				1B327D4A1995B5E20089E5BA /* Release */,
			);
			defaultConfigurationIsVisible = 0;
			defaultConfigurationName = Release;
		};
		1B327D4B1995B5E20089E5BA /* Build configuration list for PBXNativeTarget "Spottr" */ = {
			isa = XCConfigurationList;
			buildConfigurations = (
				1B327D4C1995B5E20089E5BA /* Debug */,
				1B327D4D1995B5E20089E5BA /* Release */,
			);
			defaultConfigurationIsVisible = 0;
			defaultConfigurationName = Release;
		};
		1B327D4E1995B5E20089E5BA /* Build configuration list for PBXNativeTarget "SpottrTests" */ = {
			isa = XCConfigurationList;
			buildConfigurations = (
				1B327D4F1995B5E20089E5BA /* Debug */,
				1B327D501995B5E20089E5BA /* Release */,
			);
			defaultConfigurationIsVisible = 0;
			defaultConfigurationName = Release;
		};
/* End XCConfigurationList section */
	};
	rootObject = 1B327D171995B5E10089E5BA /* Project object */;
}
